
Microsoft Visual Studio Solution File, Format Version 12.00
# Visual Studio Version 17
VisualStudioVersion = 17.3.32825.248
MinimumVisualStudioVersion = 10.0.40219.1
Project("{FAE04EC0-301F-11D3-BF4B-00C04F79EFBC}") = "rgsantos", "rgsantos\rgsantos.csproj", "{7570D37D-202C-45CF-850B-FFEEF13D14D9}"
EndProject
Global
	GlobalSection(SolutionConfigurationPlatforms) = preSolution
		Debug|Any CPU = Debug|Any CPU
		Release|Any CPU = Release|Any CPU
	EndGlobalSection
	GlobalSection(ProjectConfigurationPlatforms) = postSolution
		{7570D37D-202C-45CF-850B-FFEEF13D14D9}.Debug|Any CPU.ActiveCfg = Debug|Any CPU
		{7570D37D-202C-45CF-850B-FFEEF13D14D9}.Debug|Any CPU.Build.0 = Debug|Any CPU
		{7570D37D-202C-45CF-850B-FFEEF13D14D9}.Release|Any CPU.ActiveCfg = Release|Any CPU
		{7570D37D-202C-45CF-850B-FFEEF13D14D9}.Release|Any CPU.Build.0 = Release|Any CPU
	EndGlobalSection
	GlobalSection(SolutionProperties) = preSolution
		HideSolutionNode = FALSE
	EndGlobalSection
	GlobalSection(ExtensibilityGlobals) = postSolution
		SolutionGuid = {3C8B7E4E-5E51-43F7-BAC3-D1517511BE16}
	EndGlobalSection
EndGlobal
